# THIS IS AN AUTOGENERATED FILE. DO NOT EDIT THIS FILE DIRECTLY.
# yarn lockfile v1


"@actualwave/call-if-function@^0.0.1":
  version "0.0.1"
  resolved "https://registry.yarnpkg.com/@actualwave/call-if-function/-/call-if-function-0.0.1.tgz#2d5b88461d2a2e0147f8df172eeaa86cabc5e4fc"
  integrity sha512-BdIX2l++EBJqhk9WjGJ2cK49aEksINptgBtWPYbm87yu4Hik98ss4jcTd/ZKF8t1msMiThhz5n5aT9X8B2Ccug==
  dependencies:
    "@actualwave/is-function" "0.0.1"

"@actualwave/closure-value@0.0.3":
  version "0.0.3"
  resolved "https://registry.yarnpkg.com/@actualwave/closure-value/-/closure-value-0.0.3.tgz#54890dd25877223f1d8534ec38dffc53da6a2696"
  integrity sha512-BVzIzQo391gIqKill7iRebbEHNGhStP6D4GRHOQoZ+GbJl7XXIV+C/kG1eUjoIOo7sEWdH5QaHUGSmoRckB7PA==

"@actualwave/is-function@0.0.1":
  version "0.0.1"
  resolved "https://registry.yarnpkg.com/@actualwave/is-function/-/is-function-0.0.1.tgz#07de225276cf1264a08b3311e6f9dc5918f3b814"
  integrity sha512-YcE03xOtPBdg1cnzQ+C88mDRmxSL54QCd91yZpyCJnf6Xf2nuoVNZBprM5Op7zLY2UOGVItjOiyjKFqrxVo0Hg==

"@actualwave/react-component-name@^0.0.1":
  version "0.0.1"
  resolved "https://registry.yarnpkg.com/@actualwave/react-component-name/-/react-component-name-0.0.1.tgz#77259e97a46f5ec7921cb1580d61790c041134c2"
  integrity sha512-gNS5/NcOV8Y8z3V+icKMAJaLAl1WEb+GVoFJnoc62PaTYnDLxsc0dsjbLoQEmToZKHa8yxKMU2ung4XYn6yI4w==

"@actualwave/react-native-kingnare-style@^0.0.4":
  version "0.0.4"
  resolved "https://registry.yarnpkg.com/@actualwave/react-native-kingnare-style/-/react-native-kingnare-style-0.0.4.tgz#f99a01fbf74ab7bcfceaab2bb8ee540ea9b468a7"
  integrity sha512-R03ylKxlsOrsn9FVN/vzf/0vIyuRVnwk9caoEb5eq4qfUh/sfVNm63AzU4xiXJl256OZ0u+dsaMQX7wzXhZESg==
  dependencies:
    "@actualwave/call-if-function" "^0.0.1"
    "@actualwave/closure-value" "0.0.3"
    "@actualwave/is-function" "0.0.1"
    "@actualwave/react-component-name" "^0.0.1"
    "@actualwave/react-native-with-style" "^0.0.1"

"@actualwave/react-native-with-style@^0.0.1":
  version "0.0.1"
  resolved "https://registry.yarnpkg.com/@actualwave/react-native-with-style/-/react-native-with-style-0.0.1.tgz#f1ceeee8781d2e7b80ff9215e8174038ae36e5b7"
  integrity sha512-xVGUm5/0jOjjf/9KKjQj4+55WWgZyaO3hYaPFLaAblsaSCTc/QfxdVM2D/4f6PI1y7dDLPQ2NXl7EttzF0WfQA==
  dependencies:
    "@actualwave/call-if-function" "^0.0.1"
    "@actualwave/react-component-name" "^0.0.1"
